{
  "originHash" : "dc7c52e98b03a65b78e76908aa7d9ee94b197e4130d4a3fafb7145206ebf69b8",
  "pins" : [
    {
      "identity" : "sdwebimage",
      "kind" : "remoteSourceControl",
      "location" : "https://github.com/SDWebImage/SDWebImage",
      "state" : {
        "revision" : "73b9397cfbd902f606572964055464903b1d84c6",
        "version" : "5.19.0"
      }
    },
    {
      "identity" : "sdwebimageswiftui",
      "kind" : "remoteSourceControl",
      "location" : "https://github.com/SDWebImage/SDWebImageSwiftUI",
      "state" : {
        "revision" : "3333a1200c702fa8aad0227018ac6d4c2e927b67",
        "version" : "3.0.1"
      }
    }
  ],
  "version" : 3
}
