// !$*UTF8*$!
{
	archiveVersion = 1;
	classes = {
	};
	objectVersion = 56;
	objects = {

/* Begin PBXBuildFile section */
		9541A84F2BA3871400C29F80 /* RecordView.swift in Sources */ = {isa = PBXBuildFile; fileRef = 9541A84E2BA3871400C29F80 /* RecordView.swift */; };
		9541A8542BA3B04B00C29F80 /* WebSocketManager.swift in Sources */ = {isa = PBXBuildFile; fileRef = 9541A8532BA3B04B00C29F80 /* WebSocketManager.swift */; };
		9541A8562BA3B2AA00C29F80 /* RecordViewModel.swift in Sources */ = {isa = PBXBuildFile; fileRef = 9541A8552BA3B2AA00C29F80 /* RecordViewModel.swift */; };
		9541A8582BA3B61000C29F80 /* ASREvent.swift in Sources */ = {isa = PBXBuildFile; fileRef = 9541A8572BA3B61000C29F80 /* ASREvent.swift */; };
		9541A85A2BA3BDE300C29F80 /* WebRequestBuilder.swift in Sources */ = {isa = PBXBuildFile; fileRef = 9541A8592BA3BDE300C29F80 /* WebRequestBuilder.swift */; };
		9541A85C2BA3C4B400C29F80 /* asr-stream-audio-chunks.json in Resources */ = {isa = PBXBuildFile; fileRef = 9541A85B2BA3C4B400C29F80 /* asr-stream-audio-chunks.json */; };
		954903432BABB03D00A76F78 /* GenericNetworker.swift in Sources */ = {isa = PBXBuildFile; fileRef = 954903422BABB03D00A76F78 /* GenericNetworker.swift */; };
		954903452BABB1A800A76F78 /* Networking Error.swift in Sources */ = {isa = PBXBuildFile; fileRef = 954903442BABB1A800A76F78 /* Networking Error.swift */; };
		954903472BABB29B00A76F78 /* FirstCompoundView.swift in Sources */ = {isa = PBXBuildFile; fileRef = 954903462BABB29B00A76F78 /* FirstCompoundView.swift */; };
		9549034A2BABB30E00A76F78 /* FirstCompoundViewModel.swift in Sources */ = {isa = PBXBuildFile; fileRef = 954903492BABB30E00A76F78 /* FirstCompoundViewModel.swift */; };
		9549034C2BABB40A00A76F78 /* CatFacts.swift in Sources */ = {isa = PBXBuildFile; fileRef = 9549034B2BABB40A00A76F78 /* CatFacts.swift */; };
		9549034E2BAC927300A76F78 /* TokensView.swift in Sources */ = {isa = PBXBuildFile; fileRef = 9549034D2BAC927300A76F78 /* TokensView.swift */; };
		954903522BAC92F600A76F78 /* Tokens.swift in Sources */ = {isa = PBXBuildFile; fileRef = 954903512BAC92F600A76F78 /* Tokens.swift */; };
		954903542BAC935A00A76F78 /* TokensViewModel.swift in Sources */ = {isa = PBXBuildFile; fileRef = 954903532BAC935A00A76F78 /* TokensViewModel.swift */; };
		9549035A2BAC954C00A76F78 /* TokensCardView.swift in Sources */ = {isa = PBXBuildFile; fileRef = 954903592BAC954C00A76F78 /* TokensCardView.swift */; };
		9549035C2BAC964A00A76F78 /* TokenView.swift in Sources */ = {isa = PBXBuildFile; fileRef = 9549035B2BAC964A00A76F78 /* TokenView.swift */; };
		9549035F2BAC9B4100A76F78 /* SDWebImageSwiftUI in Frameworks */ = {isa = PBXBuildFile; productRef = 9549035E2BAC9B4100A76F78 /* SDWebImageSwiftUI */; };
		9553C81D2BA0F1D300D4D10E /* SpeakApp.swift in Sources */ = {isa = PBXBuildFile; fileRef = 9553C81C2BA0F1D300D4D10E /* SpeakApp.swift */; };
		9553C81F2BA0F1D300D4D10E /* FirstSpeakView.swift in Sources */ = {isa = PBXBuildFile; fileRef = 9553C81E2BA0F1D300D4D10E /* FirstSpeakView.swift */; };
		9553C8212BA0F1D400D4D10E /* Assets.xcassets in Resources */ = {isa = PBXBuildFile; fileRef = 9553C8202BA0F1D400D4D10E /* Assets.xcassets */; };
		9553C8252BA0F1D400D4D10E /* Preview Assets.xcassets in Resources */ = {isa = PBXBuildFile; fileRef = 9553C8242BA0F1D400D4D10E /* Preview Assets.xcassets */; };
		9553C82F2BA0F91900D4D10E /* CoursesVCRepresentable.swift in Sources */ = {isa = PBXBuildFile; fileRef = 9553C82E2BA0F91900D4D10E /* CoursesVCRepresentable.swift */; };
		9553C8312BA0FA5D00D4D10E /* CoursesVC.swift in Sources */ = {isa = PBXBuildFile; fileRef = 9553C8302BA0FA5D00D4D10E /* CoursesVC.swift */; };
		956C33112BA2137D00AFBC90 /* CoursesHeroHeaderView.swift in Sources */ = {isa = PBXBuildFile; fileRef = 956C33102BA2137D00AFBC90 /* CoursesHeroHeaderView.swift */; };
		95F339CC2BA2204A00A56E29 /* SDWebImage in Frameworks */ = {isa = PBXBuildFile; productRef = 95F339CB2BA2204A00A56E29 /* SDWebImage */; };
		95F339CE2BA2204A00A56E29 /* SDWebImageMapKit in Frameworks */ = {isa = PBXBuildFile; productRef = 95F339CD2BA2204A00A56E29 /* SDWebImageMapKit */; };
		95F339D12BA23EC900A56E29 /* SpeakColor.swift in Sources */ = {isa = PBXBuildFile; fileRef = 95F339D02BA23EC900A56E29 /* SpeakColor.swift */; };
		95F339D32BA24D5D00A56E29 /* course.json in Resources */ = {isa = PBXBuildFile; fileRef = 95F339D22BA24D5D00A56E29 /* course.json */; };
		95F339D62BA24E2800A56E29 /* LocalJsonRetriever.swift in Sources */ = {isa = PBXBuildFile; fileRef = 95F339D52BA24E2800A56E29 /* LocalJsonRetriever.swift */; };
		95F339D92BA24F6B00A56E29 /* Course.swift in Sources */ = {isa = PBXBuildFile; fileRef = 95F339D82BA24F6B00A56E29 /* Course.swift */; };
		95F339DC2BA2553500A56E29 /* UnitCell.swift in Sources */ = {isa = PBXBuildFile; fileRef = 95F339DB2BA2553500A56E29 /* UnitCell.swift */; };
		95F339DE2BA258ED00A56E29 /* DayCell.swift in Sources */ = {isa = PBXBuildFile; fileRef = 95F339DD2BA258ED00A56E29 /* DayCell.swift */; };
/* End PBXBuildFile section */

/* Begin PBXFileReference section */
		9541A84E2BA3871400C29F80 /* RecordView.swift */ = {isa = PBXFileReference; lastKnownFileType = sourcecode.swift; path = RecordView.swift; sourceTree = "<group>"; };
		9541A8532BA3B04B00C29F80 /* WebSocketManager.swift */ = {isa = PBXFileReference; lastKnownFileType = sourcecode.swift; path = WebSocketManager.swift; sourceTree = "<group>"; };
		9541A8552BA3B2AA00C29F80 /* RecordViewModel.swift */ = {isa = PBXFileReference; lastKnownFileType = sourcecode.swift; path = RecordViewModel.swift; sourceTree = "<group>"; };
		9541A8572BA3B61000C29F80 /* ASREvent.swift */ = {isa = PBXFileReference; lastKnownFileType = sourcecode.swift; path = ASREvent.swift; sourceTree = "<group>"; };
		9541A8592BA3BDE300C29F80 /* WebRequestBuilder.swift */ = {isa = PBXFileReference; lastKnownFileType = sourcecode.swift; path = WebRequestBuilder.swift; sourceTree = "<group>"; };
		9541A85B2BA3C4B400C29F80 /* asr-stream-audio-chunks.json */ = {isa = PBXFileReference; fileEncoding = 4; lastKnownFileType = text.json; path = "asr-stream-audio-chunks.json"; sourceTree = "<group>"; };
		954903422BABB03D00A76F78 /* GenericNetworker.swift */ = {isa = PBXFileReference; lastKnownFileType = sourcecode.swift; path = GenericNetworker.swift; sourceTree = "<group>"; };
		954903442BABB1A800A76F78 /* Networking Error.swift */ = {isa = PBXFileReference; lastKnownFileType = sourcecode.swift; path = "Networking Error.swift"; sourceTree = "<group>"; };
		954903462BABB29B00A76F78 /* FirstCompoundView.swift */ = {isa = PBXFileReference; lastKnownFileType = sourcecode.swift; path = FirstCompoundView.swift; sourceTree = "<group>"; };
		954903492BABB30E00A76F78 /* FirstCompoundViewModel.swift */ = {isa = PBXFileReference; lastKnownFileType = sourcecode.swift; path = FirstCompoundViewModel.swift; sourceTree = "<group>"; };
		9549034B2BABB40A00A76F78 /* CatFacts.swift */ = {isa = PBXFileReference; lastKnownFileType = sourcecode.swift; path = CatFacts.swift; sourceTree = "<group>"; };
		9549034D2BAC927300A76F78 /* TokensView.swift */ = {isa = PBXFileReference; lastKnownFileType = sourcecode.swift; path = TokensView.swift; sourceTree = "<group>"; };
		954903512BAC92F600A76F78 /* Tokens.swift */ = {isa = PBXFileReference; lastKnownFileType = sourcecode.swift; path = Tokens.swift; sourceTree = "<group>"; };
		954903532BAC935A00A76F78 /* TokensViewModel.swift */ = {isa = PBXFileReference; lastKnownFileType = sourcecode.swift; path = TokensViewModel.swift; sourceTree = "<group>"; };
		954903592BAC954C00A76F78 /* TokensCardView.swift */ = {isa = PBXFileReference; lastKnownFileType = sourcecode.swift; path = TokensCardView.swift; sourceTree = "<group>"; };
		9549035B2BAC964A00A76F78 /* TokenView.swift */ = {isa = PBXFileReference; lastKnownFileType = sourcecode.swift; path = TokenView.swift; sourceTree = "<group>"; };
		9553C8192BA0F1D300D4D10E /* Speak.app */ = {isa = PBXFileReference; explicitFileType = wrapper.application; includeInIndex = 0; path = Speak.app; sourceTree = BUILT_PRODUCTS_DIR; };
		9553C81C2BA0F1D300D4D10E /* SpeakApp.swift */ = {isa = PBXFileReference; lastKnownFileType = sourcecode.swift; path = SpeakApp.swift; sourceTree = "<group>"; };
		9553C81E2BA0F1D300D4D10E /* FirstSpeakView.swift */ = {isa = PBXFileReference; lastKnownFileType = sourcecode.swift; path = FirstSpeakView.swift; sourceTree = "<group>"; };
		9553C8202BA0F1D400D4D10E /* Assets.xcassets */ = {isa = PBXFileReference; lastKnownFileType = folder.assetcatalog; path = Assets.xcassets; sourceTree = "<group>"; };
		9553C8222BA0F1D400D4D10E /* Speak.entitlements */ = {isa = PBXFileReference; lastKnownFileType = text.plist.entitlements; path = Speak.entitlements; sourceTree = "<group>"; };
		9553C8242BA0F1D400D4D10E /* Preview Assets.xcassets */ = {isa = PBXFileReference; lastKnownFileType = folder.assetcatalog; path = "Preview Assets.xcassets"; sourceTree = "<group>"; };
		9553C82E2BA0F91900D4D10E /* CoursesVCRepresentable.swift */ = {isa = PBXFileReference; lastKnownFileType = sourcecode.swift; path = CoursesVCRepresentable.swift; sourceTree = "<group>"; };
		9553C8302BA0FA5D00D4D10E /* CoursesVC.swift */ = {isa = PBXFileReference; lastKnownFileType = sourcecode.swift; path = CoursesVC.swift; sourceTree = "<group>"; };
		956C33102BA2137D00AFBC90 /* CoursesHeroHeaderView.swift */ = {isa = PBXFileReference; lastKnownFileType = sourcecode.swift; path = CoursesHeroHeaderView.swift; sourceTree = "<group>"; };
		95F339D02BA23EC900A56E29 /* SpeakColor.swift */ = {isa = PBXFileReference; lastKnownFileType = sourcecode.swift; path = SpeakColor.swift; sourceTree = "<group>"; };
		95F339D22BA24D5D00A56E29 /* course.json */ = {isa = PBXFileReference; fileEncoding = 4; lastKnownFileType = text.json; path = course.json; sourceTree = "<group>"; };
		95F339D52BA24E2800A56E29 /* LocalJsonRetriever.swift */ = {isa = PBXFileReference; lastKnownFileType = sourcecode.swift; path = LocalJsonRetriever.swift; sourceTree = "<group>"; };
		95F339D82BA24F6B00A56E29 /* Course.swift */ = {isa = PBXFileReference; lastKnownFileType = sourcecode.swift; path = Course.swift; sourceTree = "<group>"; };
		95F339DB2BA2553500A56E29 /* UnitCell.swift */ = {isa = PBXFileReference; lastKnownFileType = sourcecode.swift; path = UnitCell.swift; sourceTree = "<group>"; };
		95F339DD2BA258ED00A56E29 /* DayCell.swift */ = {isa = PBXFileReference; lastKnownFileType = sourcecode.swift; path = DayCell.swift; sourceTree = "<group>"; };
/* End PBXFileReference section */

/* Begin PBXFrameworksBuildPhase section */
		9553C8162BA0F1D300D4D10E /* Frameworks */ = {
			isa = PBXFrameworksBuildPhase;
			buildActionMask = 2147483647;
			files = (
				9549035F2BAC9B4100A76F78 /* SDWebImageSwiftUI in Frameworks */,
				95F339CE2BA2204A00A56E29 /* SDWebImageMapKit in Frameworks */,
				95F339CC2BA2204A00A56E29 /* SDWebImage in Frameworks */,
			);
			runOnlyForDeploymentPostprocessing = 0;
		};
/* End PBXFrameworksBuildPhase section */

/* Begin PBXGroup section */
		9541A84D2BA386FB00C29F80 /* RecordScreenKit */ = {
			isa = PBXGroup;
			children = (
				9541A84E2BA3871400C29F80 /* RecordView.swift */,
				9541A8502BA3AFFD00C29F80 /* ViewModel */,
			);
			path = RecordScreenKit;
			sourceTree = "<group>";
		};
		9541A8502BA3AFFD00C29F80 /* ViewModel */ = {
			isa = PBXGroup;
			children = (
				9541A8552BA3B2AA00C29F80 /* RecordViewModel.swift */,
			);
			path = ViewModel;
			sourceTree = "<group>";
		};
		9541A8522BA3B03500C29F80 /* SpeakAPI */ = {
			isa = PBXGroup;
			children = (
				9541A8532BA3B04B00C29F80 /* WebSocketManager.swift */,
				9541A8572BA3B61000C29F80 /* ASREvent.swift */,
				9541A8592BA3BDE300C29F80 /* WebRequestBuilder.swift */,
			);
			path = SpeakAPI;
			sourceTree = "<group>";
		};
		954903412BABB02D00A76F78 /* NetworkingKit */ = {
			isa = PBXGroup;
			children = (
				954903422BABB03D00A76F78 /* GenericNetworker.swift */,
				954903442BABB1A800A76F78 /* Networking Error.swift */,
			);
			path = NetworkingKit;
			sourceTree = "<group>";
		};
		954903482BABB2D900A76F78 /* CompoundInterviewKit */ = {
			isa = PBXGroup;
			children = (
				954903562BAC945A00A76F78 /* Old */,
				9549034F2BAC927600A76F78 /* Tokens */,
			);
			path = CompoundInterviewKit;
			sourceTree = "<group>";
		};
		9549034F2BAC927600A76F78 /* Tokens */ = {
			isa = PBXGroup;
			children = (
				954903552BAC945100A76F78 /* View */,
				954903502BAC92EF00A76F78 /* Model */,
			);
			path = Tokens;
			sourceTree = "<group>";
		};
		954903502BAC92EF00A76F78 /* Model */ = {
			isa = PBXGroup;
			children = (
				954903512BAC92F600A76F78 /* Tokens.swift */,
				954903532BAC935A00A76F78 /* TokensViewModel.swift */,
			);
			path = Model;
			sourceTree = "<group>";
		};
		954903552BAC945100A76F78 /* View */ = {
			isa = PBXGroup;
			children = (
				9549034D2BAC927300A76F78 /* TokensView.swift */,
			);
			path = View;
			sourceTree = "<group>";
		};
		954903562BAC945A00A76F78 /* Old */ = {
			isa = PBXGroup;
			children = (
				954903462BABB29B00A76F78 /* FirstCompoundView.swift */,
				954903492BABB30E00A76F78 /* FirstCompoundViewModel.swift */,
				9549034B2BABB40A00A76F78 /* CatFacts.swift */,
			);
			path = Old;
			sourceTree = "<group>";
		};
		954903572BAC953000A76F78 /* CompoundComponentsKit */ = {
			isa = PBXGroup;
			children = (
				954903582BAC953D00A76F78 /* Tokens */,
			);
			path = CompoundComponentsKit;
			sourceTree = "<group>";
		};
		954903582BAC953D00A76F78 /* Tokens */ = {
			isa = PBXGroup;
			children = (
				954903592BAC954C00A76F78 /* TokensCardView.swift */,
				9549035B2BAC964A00A76F78 /* TokenView.swift */,
			);
			path = Tokens;
			sourceTree = "<group>";
		};
		9553C8102BA0F1D300D4D10E = {
			isa = PBXGroup;
			children = (
				9553C81B2BA0F1D300D4D10E /* Speak */,
				9553C81A2BA0F1D300D4D10E /* Products */,
			);
			sourceTree = "<group>";
		};
		9553C81A2BA0F1D300D4D10E /* Products */ = {
			isa = PBXGroup;
			children = (
				9553C8192BA0F1D300D4D10E /* Speak.app */,
			);
			name = Products;
			sourceTree = "<group>";
		};
		9553C81B2BA0F1D300D4D10E /* Speak */ = {
			isa = PBXGroup;
			children = (
				9553C8202BA0F1D400D4D10E /* Assets.xcassets */,
				95F339D22BA24D5D00A56E29 /* course.json */,
				9541A85B2BA3C4B400C29F80 /* asr-stream-audio-chunks.json */,
				9553C81E2BA0F1D300D4D10E /* FirstSpeakView.swift */,
				9553C81C2BA0F1D300D4D10E /* SpeakApp.swift */,
				9553C8222BA0F1D400D4D10E /* Speak.entitlements */,
				9553C82B2BA0F2DE00D4D10E /* Libraries */,
				9553C8232BA0F1D400D4D10E /* Preview Content */,
			);
			path = Speak;
			sourceTree = "<group>";
		};
		9553C8232BA0F1D400D4D10E /* Preview Content */ = {
			isa = PBXGroup;
			children = (
				9553C8242BA0F1D400D4D10E /* Preview Assets.xcassets */,
			);
			path = "Preview Content";
			sourceTree = "<group>";
		};
		9553C82B2BA0F2DE00D4D10E /* Libraries */ = {
			isa = PBXGroup;
			children = (
				954903572BAC953000A76F78 /* CompoundComponentsKit */,
				954903482BABB2D900A76F78 /* CompoundInterviewKit */,
				954903412BABB02D00A76F78 /* NetworkingKit */,
				9553C82C2BA0F31400D4D10E /* CourseScreenKit */,
				95F339D42BA24D7200A56E29 /* DataRetrievalKit */,
				9541A84D2BA386FB00C29F80 /* RecordScreenKit */,
				9541A8522BA3B03500C29F80 /* SpeakAPI */,
				95F339CF2BA23EB800A56E29 /* SpeakUIKit */,
			);
			path = Libraries;
			sourceTree = "<group>";
		};
		9553C82C2BA0F31400D4D10E /* CourseScreenKit */ = {
			isa = PBXGroup;
			children = (
				95F339D72BA24F2C00A56E29 /* Model */,
				956C330F2BA2132400AFBC90 /* Views */,
				9553C82E2BA0F91900D4D10E /* CoursesVCRepresentable.swift */,
				9553C8302BA0FA5D00D4D10E /* CoursesVC.swift */,
			);
			path = CourseScreenKit;
			sourceTree = "<group>";
		};
		956C330F2BA2132400AFBC90 /* Views */ = {
			isa = PBXGroup;
			children = (
				956C33102BA2137D00AFBC90 /* CoursesHeroHeaderView.swift */,
				95F339DA2BA2552600A56E29 /* Cells */,
			);
			path = Views;
			sourceTree = "<group>";
		};
		95F339CF2BA23EB800A56E29 /* SpeakUIKit */ = {
			isa = PBXGroup;
			children = (
				95F339D02BA23EC900A56E29 /* SpeakColor.swift */,
			);
			path = SpeakUIKit;
			sourceTree = "<group>";
		};
		95F339D42BA24D7200A56E29 /* DataRetrievalKit */ = {
			isa = PBXGroup;
			children = (
				95F339D52BA24E2800A56E29 /* LocalJsonRetriever.swift */,
			);
			path = DataRetrievalKit;
			sourceTree = "<group>";
		};
		95F339D72BA24F2C00A56E29 /* Model */ = {
			isa = PBXGroup;
			children = (
				95F339D82BA24F6B00A56E29 /* Course.swift */,
			);
			path = Model;
			sourceTree = "<group>";
		};
		95F339DA2BA2552600A56E29 /* Cells */ = {
			isa = PBXGroup;
			children = (
				95F339DB2BA2553500A56E29 /* UnitCell.swift */,
				95F339DD2BA258ED00A56E29 /* DayCell.swift */,
			);
			path = Cells;
			sourceTree = "<group>";
		};
/* End PBXGroup section */

/* Begin PBXNativeTarget section */
		9553C8182BA0F1D300D4D10E /* Speak */ = {
			isa = PBXNativeTarget;
			buildConfigurationList = 9553C8282BA0F1D400D4D10E /* Build configuration list for PBXNativeTarget "Speak" */;
			buildPhases = (
				9553C8152BA0F1D300D4D10E /* Sources */,
				9553C8162BA0F1D300D4D10E /* Frameworks */,
				9553C8172BA0F1D300D4D10E /* Resources */,
			);
			buildRules = (
			);
			dependencies = (
			);
			name = Speak;
			packageProductDependencies = (
				95F339CB2BA2204A00A56E29 /* SDWebImage */,
				95F339CD2BA2204A00A56E29 /* SDWebImageMapKit */,
				9549035E2BAC9B4100A76F78 /* SDWebImageSwiftUI */,
			);
			productName = Speak;
			productReference = 9553C8192BA0F1D300D4D10E /* Speak.app */;
			productType = "com.apple.product-type.application";
		};
/* End PBXNativeTarget section */

/* Begin PBXProject section */
		9553C8112BA0F1D300D4D10E /* Project object */ = {
			isa = PBXProject;
			attributes = {
				BuildIndependentTargetsInParallel = 1;
				LastSwiftUpdateCheck = 1530;
				LastUpgradeCheck = 1530;
				TargetAttributes = {
					9553C8182BA0F1D300D4D10E = {
						CreatedOnToolsVersion = 15.3;
					};
				};
			};
			buildConfigurationList = 9553C8142BA0F1D300D4D10E /* Build configuration list for PBXProject "Speak" */;
			compatibilityVersion = "Xcode 14.0";
			developmentRegion = en;
			hasScannedForEncodings = 0;
			knownRegions = (
				en,
				Base,
			);
			mainGroup = 9553C8102BA0F1D300D4D10E;
			packageReferences = (
				95F339CA2BA2204A00A56E29 /* XCRemoteSwiftPackageReference "SDWebImage" */,
				9549035D2BAC9B4100A76F78 /* XCRemoteSwiftPackageReference "SDWebImageSwiftUI" */,
			);
			productRefGroup = 9553C81A2BA0F1D300D4D10E /* Products */;
			projectDirPath = "";
			projectRoot = "";
			targets = (
				9553C8182BA0F1D300D4D10E /* Speak */,
			);
		};
/* End PBXProject section */

/* Begin PBXResourcesBuildPhase section */
		9553C8172BA0F1D300D4D10E /* Resources */ = {
			isa = PBXResourcesBuildPhase;
			buildActionMask = 2147483647;
			files = (
				9553C8252BA0F1D400D4D10E /* Preview Assets.xcassets in Resources */,
				9553C8212BA0F1D400D4D10E /* Assets.xcassets in Resources */,
				95F339D32BA24D5D00A56E29 /* course.json in Resources */,
				9541A85C2BA3C4B400C29F80 /* asr-stream-audio-chunks.json in Resources */,
			);
			runOnlyForDeploymentPostprocessing = 0;
		};
/* End PBXResourcesBuildPhase section */

/* Begin PBXSourcesBuildPhase section */
		9553C8152BA0F1D300D4D10E /* Sources */ = {
			isa = PBXSourcesBuildPhase;
			buildActionMask = 2147483647;
			files = (
				95F339D92BA24F6B00A56E29 /* Course.swift in Sources */,
				9549035A2BAC954C00A76F78 /* TokensCardView.swift in Sources */,
				9553C82F2BA0F91900D4D10E /* CoursesVCRepresentable.swift in Sources */,
				9549034C2BABB40A00A76F78 /* CatFacts.swift in Sources */,
				95F339DE2BA258ED00A56E29 /* DayCell.swift in Sources */,
				9541A84F2BA3871400C29F80 /* RecordView.swift in Sources */,
				9549035C2BAC964A00A76F78 /* TokenView.swift in Sources */,
				95F339D62BA24E2800A56E29 /* LocalJsonRetriever.swift in Sources */,
				9553C81F2BA0F1D300D4D10E /* FirstSpeakView.swift in Sources */,
				95F339DC2BA2553500A56E29 /* UnitCell.swift in Sources */,
				9549034A2BABB30E00A76F78 /* FirstCompoundViewModel.swift in Sources */,
				954903472BABB29B00A76F78 /* FirstCompoundView.swift in Sources */,
				9553C81D2BA0F1D300D4D10E /* SpeakApp.swift in Sources */,
				954903542BAC935A00A76F78 /* TokensViewModel.swift in Sources */,
				9541A85A2BA3BDE300C29F80 /* WebRequestBuilder.swift in Sources */,
				9541A8562BA3B2AA00C29F80 /* RecordViewModel.swift in Sources */,
				956C33112BA2137D00AFBC90 /* CoursesHeroHeaderView.swift in Sources */,
				9541A8582BA3B61000C29F80 /* ASREvent.swift in Sources */,
				95F339D12BA23EC900A56E29 /* SpeakColor.swift in Sources */,
				9553C8312BA0FA5D00D4D10E /* CoursesVC.swift in Sources */,
				9541A8542BA3B04B00C29F80 /* WebSocketManager.swift in Sources */,
				954903432BABB03D00A76F78 /* GenericNetworker.swift in Sources */,
				954903452BABB1A800A76F78 /* Networking Error.swift in Sources */,
				9549034E2BAC927300A76F78 /* TokensView.swift in Sources */,
				954903522BAC92F600A76F78 /* Tokens.swift in Sources */,
			);
			runOnlyForDeploymentPostprocessing = 0;
		};
/* End PBXSourcesBuildPhase section */

/* Begin XCBuildConfiguration section */
		9553C8262BA0F1D400D4D10E /* Debug */ = {
			isa = XCBuildConfiguration;
			buildSettings = {
				ALWAYS_SEARCH_USER_PATHS = NO;
				ASSETCATALOG_COMPILER_GENERATE_SWIFT_ASSET_SYMBOL_EXTENSIONS = YES;
				CLANG_ANALYZER_NONNULL = YES;
				CLANG_ANALYZER_NUMBER_OBJECT_CONVERSION = YES_AGGRESSIVE;
				CLANG_CXX_LANGUAGE_STANDARD = "gnu++20";
				CLANG_ENABLE_MODULES = YES;
				CLANG_ENABLE_OBJC_ARC = YES;
				CLANG_ENABLE_OBJC_WEAK = YES;
				CLANG_WARN_BLOCK_CAPTURE_AUTORELEASING = YES;
				CLANG_WARN_BOOL_CONVERSION = YES;
				CLANG_WARN_COMMA = YES;
				CLANG_WARN_CONSTANT_CONVERSION = YES;
				CLANG_WARN_DEPRECATED_OBJC_IMPLEMENTATIONS = YES;
				CLANG_WARN_DIRECT_OBJC_ISA_USAGE = YES_ERROR;
				CLANG_WARN_DOCUMENTATION_COMMENTS = YES;
				CLANG_WARN_EMPTY_BODY = YES;
				CLANG_WARN_ENUM_CONVERSION = YES;
				CLANG_WARN_INFINITE_RECURSION = YES;
				CLANG_WARN_INT_CONVERSION = YES;
				CLANG_WARN_NON_LITERAL_NULL_CONVERSION = YES;
				CLANG_WARN_OBJC_IMPLICIT_RETAIN_SELF = YES;
				CLANG_WARN_OBJC_LITERAL_CONVERSION = YES;
				CLANG_WARN_OBJC_ROOT_CLASS = YES_ERROR;
				CLANG_WARN_QUOTED_INCLUDE_IN_FRAMEWORK_HEADER = YES;
				CLANG_WARN_RANGE_LOOP_ANALYSIS = YES;
				CLANG_WARN_STRICT_PROTOTYPES = YES;
				CLANG_WARN_SUSPICIOUS_MOVE = YES;
				CLANG_WARN_UNGUARDED_AVAILABILITY = YES_AGGRESSIVE;
				CLANG_WARN_UNREACHABLE_CODE = YES;
				CLANG_WARN__DUPLICATE_METHOD_MATCH = YES;
				COPY_PHASE_STRIP = NO;
				DEBUG_INFORMATION_FORMAT = dwarf;
				ENABLE_STRICT_OBJC_MSGSEND = YES;
				ENABLE_TESTABILITY = YES;
				ENABLE_USER_SCRIPT_SANDBOXING = YES;
				GCC_C_LANGUAGE_STANDARD = gnu17;
				GCC_DYNAMIC_NO_PIC = NO;
				GCC_NO_COMMON_BLOCKS = YES;
				GCC_OPTIMIZATION_LEVEL = 0;
				GCC_PREPROCESSOR_DEFINITIONS = (
					"DEBUG=1",
					"$(inherited)",
				);
				GCC_WARN_64_TO_32_BIT_CONVERSION = YES;
				GCC_WARN_ABOUT_RETURN_TYPE = YES_ERROR;
				GCC_WARN_UNDECLARED_SELECTOR = YES;
				GCC_WARN_UNINITIALIZED_AUTOS = YES_AGGRESSIVE;
				GCC_WARN_UNUSED_FUNCTION = YES;
				GCC_WARN_UNUSED_VARIABLE = YES;
				LOCALIZATION_PREFERS_STRING_CATALOGS = YES;
				MTL_ENABLE_DEBUG_INFO = INCLUDE_SOURCE;
				MTL_FAST_MATH = YES;
				ONLY_ACTIVE_ARCH = YES;
				SWIFT_ACTIVE_COMPILATION_CONDITIONS = "DEBUG $(inherited)";
				SWIFT_OPTIMIZATION_LEVEL = "-Onone";
			};
			name = Debug;
		};
		9553C8272BA0F1D400D4D10E /* Release */ = {
			isa = XCBuildConfiguration;
			buildSettings = {
				ALWAYS_SEARCH_USER_PATHS = NO;
				ASSETCATALOG_COMPILER_GENERATE_SWIFT_ASSET_SYMBOL_EXTENSIONS = YES;
				CLANG_ANALYZER_NONNULL = YES;
				CLANG_ANALYZER_NUMBER_OBJECT_CONVERSION = YES_AGGRESSIVE;
				CLANG_CXX_LANGUAGE_STANDARD = "gnu++20";
				CLANG_ENABLE_MODULES = YES;
				CLANG_ENABLE_OBJC_ARC = YES;
				CLANG_ENABLE_OBJC_WEAK = YES;
				CLANG_WARN_BLOCK_CAPTURE_AUTORELEASING = YES;
				CLANG_WARN_BOOL_CONVERSION = YES;
				CLANG_WARN_COMMA = YES;
				CLANG_WARN_CONSTANT_CONVERSION = YES;
				CLANG_WARN_DEPRECATED_OBJC_IMPLEMENTATIONS = YES;
				CLANG_WARN_DIRECT_OBJC_ISA_USAGE = YES_ERROR;
				CLANG_WARN_DOCUMENTATION_COMMENTS = YES;
				CLANG_WARN_EMPTY_BODY = YES;
				CLANG_WARN_ENUM_CONVERSION = YES;
				CLANG_WARN_INFINITE_RECURSION = YES;
				CLANG_WARN_INT_CONVERSION = YES;
				CLANG_WARN_NON_LITERAL_NULL_CONVERSION = YES;
				CLANG_WARN_OBJC_IMPLICIT_RETAIN_SELF = YES;
				CLANG_WARN_OBJC_LITERAL_CONVERSION = YES;
				CLANG_WARN_OBJC_ROOT_CLASS = YES_ERROR;
				CLANG_WARN_QUOTED_INCLUDE_IN_FRAMEWORK_HEADER = YES;
				CLANG_WARN_RANGE_LOOP_ANALYSIS = YES;
				CLANG_WARN_STRICT_PROTOTYPES = YES;
				CLANG_WARN_SUSPICIOUS_MOVE = YES;
				CLANG_WARN_UNGUARDED_AVAILABILITY = YES_AGGRESSIVE;
				CLANG_WARN_UNREACHABLE_CODE = YES;
				CLANG_WARN__DUPLICATE_METHOD_MATCH = YES;
				COPY_PHASE_STRIP = NO;
				DEBUG_INFORMATION_FORMAT = "dwarf-with-dsym";
				ENABLE_NS_ASSERTIONS = NO;
				ENABLE_STRICT_OBJC_MSGSEND = YES;
				ENABLE_USER_SCRIPT_SANDBOXING = YES;
				GCC_C_LANGUAGE_STANDARD = gnu17;
				GCC_NO_COMMON_BLOCKS = YES;
				GCC_WARN_64_TO_32_BIT_CONVERSION = YES;
				GCC_WARN_ABOUT_RETURN_TYPE = YES_ERROR;
				GCC_WARN_UNDECLARED_SELECTOR = YES;
				GCC_WARN_UNINITIALIZED_AUTOS = YES_AGGRESSIVE;
				GCC_WARN_UNUSED_FUNCTION = YES;
				GCC_WARN_UNUSED_VARIABLE = YES;
				LOCALIZATION_PREFERS_STRING_CATALOGS = YES;
				MTL_ENABLE_DEBUG_INFO = NO;
				MTL_FAST_MATH = YES;
				SWIFT_COMPILATION_MODE = wholemodule;
			};
			name = Release;
		};
		9553C8292BA0F1D400D4D10E /* Debug */ = {
			isa = XCBuildConfiguration;
			buildSettings = {
				ASSETCATALOG_COMPILER_APPICON_NAME = AppIcon;
				ASSETCATALOG_COMPILER_GLOBAL_ACCENT_COLOR_NAME = AccentColor;
				CODE_SIGN_ENTITLEMENTS = Speak/Speak.entitlements;
				CODE_SIGN_STYLE = Automatic;
				CURRENT_PROJECT_VERSION = 1;
				DEVELOPMENT_ASSET_PATHS = "\"Speak/Preview Content\"";
				DEVELOPMENT_TEAM = JP5XH4BVVG;
				ENABLE_HARDENED_RUNTIME = YES;
				ENABLE_PREVIEWS = YES;
				GENERATE_INFOPLIST_FILE = YES;
				"INFOPLIST_KEY_UIApplicationSceneManifest_Generation[sdk=iphoneos*]" = YES;
				"INFOPLIST_KEY_UIApplicationSceneManifest_Generation[sdk=iphonesimulator*]" = YES;
				"INFOPLIST_KEY_UIApplicationSupportsIndirectInputEvents[sdk=iphoneos*]" = YES;
				"INFOPLIST_KEY_UIApplicationSupportsIndirectInputEvents[sdk=iphonesimulator*]" = YES;
				"INFOPLIST_KEY_UILaunchScreen_Generation[sdk=iphoneos*]" = YES;
				"INFOPLIST_KEY_UILaunchScreen_Generation[sdk=iphonesimulator*]" = YES;
				"INFOPLIST_KEY_UIStatusBarStyle[sdk=iphoneos*]" = UIStatusBarStyleDefault;
				"INFOPLIST_KEY_UIStatusBarStyle[sdk=iphonesimulator*]" = UIStatusBarStyleDefault;
				INFOPLIST_KEY_UISupportedInterfaceOrientations_iPad = "UIInterfaceOrientationPortrait UIInterfaceOrientationPortraitUpsideDown UIInterfaceOrientationLandscapeLeft UIInterfaceOrientationLandscapeRight";
				INFOPLIST_KEY_UISupportedInterfaceOrientations_iPhone = "UIInterfaceOrientationPortrait UIInterfaceOrientationLandscapeLeft UIInterfaceOrientationLandscapeRight";
				IPHONEOS_DEPLOYMENT_TARGET = 17.4;
				LD_RUNPATH_SEARCH_PATHS = "@executable_path/Frameworks";
				"LD_RUNPATH_SEARCH_PATHS[sdk=macosx*]" = "@executable_path/../Frameworks";
				MACOSX_DEPLOYMENT_TARGET = 14.3;
				MARKETING_VERSION = 1.0;
				PRODUCT_BUNDLE_IDENTIFIER = speakrickyv.Speak;
				PRODUCT_NAME = "$(TARGET_NAME)";
				SDKROOT = auto;
				SUPPORTED_PLATFORMS = "iphoneos iphonesimulator macosx";
				SWIFT_EMIT_LOC_STRINGS = YES;
				SWIFT_VERSION = 5.0;
				TARGETED_DEVICE_FAMILY = "1,2";
			};
			name = Debug;
		};
		9553C82A2BA0F1D400D4D10E /* Release */ = {
			isa = XCBuildConfiguration;
			buildSettings = {
				ASSETCATALOG_COMPILER_APPICON_NAME = AppIcon;
				ASSETCATALOG_COMPILER_GLOBAL_ACCENT_COLOR_NAME = AccentColor;
				CODE_SIGN_ENTITLEMENTS = Speak/Speak.entitlements;
				CODE_SIGN_STYLE = Automatic;
				CURRENT_PROJECT_VERSION = 1;
				DEVELOPMENT_ASSET_PATHS = "\"Speak/Preview Content\"";
				DEVELOPMENT_TEAM = JP5XH4BVVG;
				ENABLE_HARDENED_RUNTIME = YES;
				ENABLE_PREVIEWS = YES;
				GENERATE_INFOPLIST_FILE = YES;
				"INFOPLIST_KEY_UIApplicationSceneManifest_Generation[sdk=iphoneos*]" = YES;
				"INFOPLIST_KEY_UIApplicationSceneManifest_Generation[sdk=iphonesimulator*]" = YES;
				"INFOPLIST_KEY_UIApplicationSupportsIndirectInputEvents[sdk=iphoneos*]" = YES;
				"INFOPLIST_KEY_UIApplicationSupportsIndirectInputEvents[sdk=iphonesimulator*]" = YES;
				"INFOPLIST_KEY_UILaunchScreen_Generation[sdk=iphoneos*]" = YES;
				"INFOPLIST_KEY_UILaunchScreen_Generation[sdk=iphonesimulator*]" = YES;
				"INFOPLIST_KEY_UIStatusBarStyle[sdk=iphoneos*]" = UIStatusBarStyleDefault;
				"INFOPLIST_KEY_UIStatusBarStyle[sdk=iphonesimulator*]" = UIStatusBarStyleDefault;
				INFOPLIST_KEY_UISupportedInterfaceOrientations_iPad = "UIInterfaceOrientationPortrait UIInterfaceOrientationPortraitUpsideDown UIInterfaceOrientationLandscapeLeft UIInterfaceOrientationLandscapeRight";
				INFOPLIST_KEY_UISupportedInterfaceOrientations_iPhone = "UIInterfaceOrientationPortrait UIInterfaceOrientationLandscapeLeft UIInterfaceOrientationLandscapeRight";
				IPHONEOS_DEPLOYMENT_TARGET = 17.4;
				LD_RUNPATH_SEARCH_PATHS = "@executable_path/Frameworks";
				"LD_RUNPATH_SEARCH_PATHS[sdk=macosx*]" = "@executable_path/../Frameworks";
				MACOSX_DEPLOYMENT_TARGET = 14.3;
				MARKETING_VERSION = 1.0;
				PRODUCT_BUNDLE_IDENTIFIER = speakrickyv.Speak;
				PRODUCT_NAME = "$(TARGET_NAME)";
				SDKROOT = auto;
				SUPPORTED_PLATFORMS = "iphoneos iphonesimulator macosx";
				SWIFT_EMIT_LOC_STRINGS = YES;
				SWIFT_VERSION = 5.0;
				TARGETED_DEVICE_FAMILY = "1,2";
			};
			name = Release;
		};
/* End XCBuildConfiguration section */

/* Begin XCConfigurationList section */
		9553C8142BA0F1D300D4D10E /* Build configuration list for PBXProject "Speak" */ = {
			isa = XCConfigurationList;
			buildConfigurations = (
				9553C8262BA0F1D400D4D10E /* Debug */,
				9553C8272BA0F1D400D4D10E /* Release */,
			);
			defaultConfigurationIsVisible = 0;
			defaultConfigurationName = Release;
		};
		9553C8282BA0F1D400D4D10E /* Build configuration list for PBXNativeTarget "Speak" */ = {
			isa = XCConfigurationList;
			buildConfigurations = (
				9553C8292BA0F1D400D4D10E /* Debug */,
				9553C82A2BA0F1D400D4D10E /* Release */,
			);
			defaultConfigurationIsVisible = 0;
			defaultConfigurationName = Release;
		};
/* End XCConfigurationList section */

/* Begin XCRemoteSwiftPackageReference section */
		9549035D2BAC9B4100A76F78 /* XCRemoteSwiftPackageReference "SDWebImageSwiftUI" */ = {
			isa = XCRemoteSwiftPackageReference;
			repositoryURL = "https://github.com/SDWebImage/SDWebImageSwiftUI";
			requirement = {
				kind = upToNextMajorVersion;
				minimumVersion = 3.0.1;
			};
		};
		95F339CA2BA2204A00A56E29 /* XCRemoteSwiftPackageReference "SDWebImage" */ = {
			isa = XCRemoteSwiftPackageReference;
			repositoryURL = "https://github.com/SDWebImage/SDWebImage";
			requirement = {
				kind = upToNextMajorVersion;
				minimumVersion = 5.19.0;
			};
		};
/* End XCRemoteSwiftPackageReference section */

/* Begin XCSwiftPackageProductDependency section */
		9549035E2BAC9B4100A76F78 /* SDWebImageSwiftUI */ = {
			isa = XCSwiftPackageProductDependency;
			package = 9549035D2BAC9B4100A76F78 /* XCRemoteSwiftPackageReference "SDWebImageSwiftUI" */;
			productName = SDWebImageSwiftUI;
		};
		95F339CB2BA2204A00A56E29 /* SDWebImage */ = {
			isa = XCSwiftPackageProductDependency;
			package = 95F339CA2BA2204A00A56E29 /* XCRemoteSwiftPackageReference "SDWebImage" */;
			productName = SDWebImage;
		};
		95F339CD2BA2204A00A56E29 /* SDWebImageMapKit */ = {
			isa = XCSwiftPackageProductDependency;
			package = 95F339CA2BA2204A00A56E29 /* XCRemoteSwiftPackageReference "SDWebImage" */;
			productName = SDWebImageMapKit;
		};
/* End XCSwiftPackageProductDependency section */
	};
	rootObject = 9553C8112BA0F1D300D4D10E /* Project object */;
}
