// !$*UTF8*$!
{
	archiveVersion = 1;
	classes = {
	};
	objectVersion = 56;
	objects = {

/* Begin PBXBuildFile section */
		953F38352BC46ADF0085C980 /* Heaping.swift in Sources */ = {isa = PBXBuildFile; fileRef = 953F38342BC46ADF0085C980 /* Heaping.swift */; };
		953F38382BC46B320085C980 /* HeapHelpers.swift in Sources */ = {isa = PBXBuildFile; fileRef = 953F38372BC46B320085C980 /* HeapHelpers.swift */; };
		953F383A2BC46B460085C980 /* BaseHeap.swift in Sources */ = {isa = PBXBuildFile; fileRef = 953F38392BC46B460085C980 /* BaseHeap.swift */; };
		9541A85C2BA3C4B400C29F80 /* asr-stream-audio-chunks.json in Resources */ = {isa = PBXBuildFile; fileRef = 9541A85B2BA3C4B400C29F80 /* asr-stream-audio-chunks.json */; };
		95481E8C2BBF160800AA09EC /* HeapTests.swift in Sources */ = {isa = PBXBuildFile; fileRef = 95481E8B2BBF160800AA09EC /* HeapTests.swift */; };
		954903432BABB03D00A76F78 /* GenericNetworker.swift in Sources */ = {isa = PBXBuildFile; fileRef = 954903422BABB03D00A76F78 /* GenericNetworker.swift */; };
		954903452BABB1A800A76F78 /* Networking Error.swift in Sources */ = {isa = PBXBuildFile; fileRef = 954903442BABB1A800A76F78 /* Networking Error.swift */; };
		954903472BABB29B00A76F78 /* FirstCompoundView.swift in Sources */ = {isa = PBXBuildFile; fileRef = 954903462BABB29B00A76F78 /* FirstCompoundView.swift */; };
		9549034A2BABB30E00A76F78 /* FirstCompoundViewModel.swift in Sources */ = {isa = PBXBuildFile; fileRef = 954903492BABB30E00A76F78 /* FirstCompoundViewModel.swift */; };
		9549034C2BABB40A00A76F78 /* CatFacts.swift in Sources */ = {isa = PBXBuildFile; fileRef = 9549034B2BABB40A00A76F78 /* CatFacts.swift */; };
		9549034E2BAC927300A76F78 /* TokensView.swift in Sources */ = {isa = PBXBuildFile; fileRef = 9549034D2BAC927300A76F78 /* TokensView.swift */; };
		954903522BAC92F600A76F78 /* Tokens.swift in Sources */ = {isa = PBXBuildFile; fileRef = 954903512BAC92F600A76F78 /* Tokens.swift */; };
		954903542BAC935A00A76F78 /* TokensViewModel.swift in Sources */ = {isa = PBXBuildFile; fileRef = 954903532BAC935A00A76F78 /* TokensViewModel.swift */; };
		9549035A2BAC954C00A76F78 /* TokensCardView.swift in Sources */ = {isa = PBXBuildFile; fileRef = 954903592BAC954C00A76F78 /* TokensCardView.swift */; };
		9549035C2BAC964A00A76F78 /* TokenView.swift in Sources */ = {isa = PBXBuildFile; fileRef = 9549035B2BAC964A00A76F78 /* TokenView.swift */; };
		9549035F2BAC9B4100A76F78 /* SDWebImageSwiftUI in Frameworks */ = {isa = PBXBuildFile; productRef = 9549035E2BAC9B4100A76F78 /* SDWebImageSwiftUI */; };
		9553C81D2BA0F1D300D4D10E /* SpeakApp.swift in Sources */ = {isa = PBXBuildFile; fileRef = 9553C81C2BA0F1D300D4D10E /* SpeakApp.swift */; };
		9553C8212BA0F1D400D4D10E /* Assets.xcassets in Resources */ = {isa = PBXBuildFile; fileRef = 9553C8202BA0F1D400D4D10E /* Assets.xcassets */; };
		9553C8252BA0F1D400D4D10E /* Preview Assets.xcassets in Resources */ = {isa = PBXBuildFile; fileRef = 9553C8242BA0F1D400D4D10E /* Preview Assets.xcassets */; };
		95C21C772BC5D37A00E17130 /* RadixSorter.swift in Sources */ = {isa = PBXBuildFile; fileRef = 95C21C762BC5D37A00E17130 /* RadixSorter.swift */; };
		95C21C7A2BC5D9CF00E17130 /* RadixSortTests.swift in Sources */ = {isa = PBXBuildFile; fileRef = 95C21C792BC5D9CF00E17130 /* RadixSortTests.swift */; };
		95E037362BBDE2F2005F4BE9 /* DogsGridView.swift in Sources */ = {isa = PBXBuildFile; fileRef = 95E037352BBDE2F2005F4BE9 /* DogsGridView.swift */; };
		95E0373A2BBDE313005F4BE9 /* Dogs.swift in Sources */ = {isa = PBXBuildFile; fileRef = 95E037392BBDE313005F4BE9 /* Dogs.swift */; };
		95E0373D2BBDE360005F4BE9 /* DogsGridViewModel.swift in Sources */ = {isa = PBXBuildFile; fileRef = 95E0373C2BBDE360005F4BE9 /* DogsGridViewModel.swift */; };
		95E5D7B22BBE083800B374F0 /* ChatGPTHeap.swift in Sources */ = {isa = PBXBuildFile; fileRef = 95E5D7B12BBE083800B374F0 /* ChatGPTHeap.swift */; };
		95E5D7B42BBE179900B374F0 /* Heaps.swift in Sources */ = {isa = PBXBuildFile; fileRef = 95E5D7B32BBE179900B374F0 /* Heaps.swift */; };
		95F339CC2BA2204A00A56E29 /* SDWebImage in Frameworks */ = {isa = PBXBuildFile; productRef = 95F339CB2BA2204A00A56E29 /* SDWebImage */; };
		95F339CE2BA2204A00A56E29 /* SDWebImageMapKit in Frameworks */ = {isa = PBXBuildFile; productRef = 95F339CD2BA2204A00A56E29 /* SDWebImageMapKit */; };
		95F339D32BA24D5D00A56E29 /* course.json in Resources */ = {isa = PBXBuildFile; fileRef = 95F339D22BA24D5D00A56E29 /* course.json */; };
		95F339D62BA24E2800A56E29 /* LocalJsonRetriever.swift in Sources */ = {isa = PBXBuildFile; fileRef = 95F339D52BA24E2800A56E29 /* LocalJsonRetriever.swift */; };
/* End PBXBuildFile section */

/* Begin PBXContainerItemProxy section */
		95481E862BBF15F900AA09EC /* PBXContainerItemProxy */ = {
			isa = PBXContainerItemProxy;
			containerPortal = 9553C8112BA0F1D300D4D10E /* Project object */;
			proxyType = 1;
			remoteGlobalIDString = 9553C8182BA0F1D300D4D10E;
			remoteInfo = Speak;
		};
/* End PBXContainerItemProxy section */

/* Begin PBXFileReference section */
		953F38342BC46ADF0085C980 /* Heaping.swift */ = {isa = PBXFileReference; lastKnownFileType = sourcecode.swift; path = Heaping.swift; sourceTree = "<group>"; };
		953F38372BC46B320085C980 /* HeapHelpers.swift */ = {isa = PBXFileReference; lastKnownFileType = sourcecode.swift; path = HeapHelpers.swift; sourceTree = "<group>"; };
		953F38392BC46B460085C980 /* BaseHeap.swift */ = {isa = PBXFileReference; lastKnownFileType = sourcecode.swift; path = BaseHeap.swift; sourceTree = "<group>"; };
		9541A85B2BA3C4B400C29F80 /* asr-stream-audio-chunks.json */ = {isa = PBXFileReference; fileEncoding = 4; lastKnownFileType = text.json; path = "asr-stream-audio-chunks.json"; sourceTree = "<group>"; };
		95481E822BBF15F900AA09EC /* SpeakTests.xctest */ = {isa = PBXFileReference; explicitFileType = wrapper.cfbundle; includeInIndex = 0; path = SpeakTests.xctest; sourceTree = BUILT_PRODUCTS_DIR; };
		95481E8B2BBF160800AA09EC /* HeapTests.swift */ = {isa = PBXFileReference; lastKnownFileType = sourcecode.swift; path = HeapTests.swift; sourceTree = "<group>"; };
		954903422BABB03D00A76F78 /* GenericNetworker.swift */ = {isa = PBXFileReference; lastKnownFileType = sourcecode.swift; path = GenericNetworker.swift; sourceTree = "<group>"; };
		954903442BABB1A800A76F78 /* Networking Error.swift */ = {isa = PBXFileReference; lastKnownFileType = sourcecode.swift; path = "Networking Error.swift"; sourceTree = "<group>"; };
		954903462BABB29B00A76F78 /* FirstCompoundView.swift */ = {isa = PBXFileReference; lastKnownFileType = sourcecode.swift; path = FirstCompoundView.swift; sourceTree = "<group>"; };
		954903492BABB30E00A76F78 /* FirstCompoundViewModel.swift */ = {isa = PBXFileReference; lastKnownFileType = sourcecode.swift; path = FirstCompoundViewModel.swift; sourceTree = "<group>"; };
		9549034B2BABB40A00A76F78 /* CatFacts.swift */ = {isa = PBXFileReference; lastKnownFileType = sourcecode.swift; path = CatFacts.swift; sourceTree = "<group>"; };
		9549034D2BAC927300A76F78 /* TokensView.swift */ = {isa = PBXFileReference; lastKnownFileType = sourcecode.swift; path = TokensView.swift; sourceTree = "<group>"; };
		954903512BAC92F600A76F78 /* Tokens.swift */ = {isa = PBXFileReference; lastKnownFileType = sourcecode.swift; path = Tokens.swift; sourceTree = "<group>"; };
		954903532BAC935A00A76F78 /* TokensViewModel.swift */ = {isa = PBXFileReference; lastKnownFileType = sourcecode.swift; path = TokensViewModel.swift; sourceTree = "<group>"; };
		954903592BAC954C00A76F78 /* TokensCardView.swift */ = {isa = PBXFileReference; lastKnownFileType = sourcecode.swift; path = TokensCardView.swift; sourceTree = "<group>"; };
		9549035B2BAC964A00A76F78 /* TokenView.swift */ = {isa = PBXFileReference; lastKnownFileType = sourcecode.swift; path = TokenView.swift; sourceTree = "<group>"; };
		9553C8192BA0F1D300D4D10E /* Speak.app */ = {isa = PBXFileReference; explicitFileType = wrapper.application; includeInIndex = 0; path = Speak.app; sourceTree = BUILT_PRODUCTS_DIR; };
		9553C81C2BA0F1D300D4D10E /* SpeakApp.swift */ = {isa = PBXFileReference; lastKnownFileType = sourcecode.swift; path = SpeakApp.swift; sourceTree = "<group>"; };
		9553C8202BA0F1D400D4D10E /* Assets.xcassets */ = {isa = PBXFileReference; lastKnownFileType = folder.assetcatalog; path = Assets.xcassets; sourceTree = "<group>"; };
		9553C8222BA0F1D400D4D10E /* Speak.entitlements */ = {isa = PBXFileReference; lastKnownFileType = text.plist.entitlements; path = Speak.entitlements; sourceTree = "<group>"; };
		9553C8242BA0F1D400D4D10E /* Preview Assets.xcassets */ = {isa = PBXFileReference; lastKnownFileType = folder.assetcatalog; path = "Preview Assets.xcassets"; sourceTree = "<group>"; };
		95C21C762BC5D37A00E17130 /* RadixSorter.swift */ = {isa = PBXFileReference; lastKnownFileType = sourcecode.swift; path = RadixSorter.swift; sourceTree = "<group>"; };
		95C21C792BC5D9CF00E17130 /* RadixSortTests.swift */ = {isa = PBXFileReference; lastKnownFileType = sourcecode.swift; path = RadixSortTests.swift; sourceTree = "<group>"; };
		95E037352BBDE2F2005F4BE9 /* DogsGridView.swift */ = {isa = PBXFileReference; lastKnownFileType = sourcecode.swift; path = DogsGridView.swift; sourceTree = "<group>"; };
		95E037392BBDE313005F4BE9 /* Dogs.swift */ = {isa = PBXFileReference; lastKnownFileType = sourcecode.swift; path = Dogs.swift; sourceTree = "<group>"; };
		95E0373C2BBDE360005F4BE9 /* DogsGridViewModel.swift */ = {isa = PBXFileReference; lastKnownFileType = sourcecode.swift; path = DogsGridViewModel.swift; sourceTree = "<group>"; };
		95E5D7B12BBE083800B374F0 /* ChatGPTHeap.swift */ = {isa = PBXFileReference; lastKnownFileType = sourcecode.swift; path = ChatGPTHeap.swift; sourceTree = "<group>"; };
		95E5D7B32BBE179900B374F0 /* Heaps.swift */ = {isa = PBXFileReference; lastKnownFileType = sourcecode.swift; path = Heaps.swift; sourceTree = "<group>"; };
		95F339D22BA24D5D00A56E29 /* course.json */ = {isa = PBXFileReference; fileEncoding = 4; lastKnownFileType = text.json; path = course.json; sourceTree = "<group>"; };
		95F339D52BA24E2800A56E29 /* LocalJsonRetriever.swift */ = {isa = PBXFileReference; lastKnownFileType = sourcecode.swift; path = LocalJsonRetriever.swift; sourceTree = "<group>"; };
/* End PBXFileReference section */

/* Begin PBXFrameworksBuildPhase section */
		95481E7F2BBF15F900AA09EC /* Frameworks */ = {
			isa = PBXFrameworksBuildPhase;
			buildActionMask = 2147483647;
			files = (
			);
			runOnlyForDeploymentPostprocessing = 0;
		};
		9553C8162BA0F1D300D4D10E /* Frameworks */ = {
			isa = PBXFrameworksBuildPhase;
			buildActionMask = 2147483647;
			files = (
				9549035F2BAC9B4100A76F78 /* SDWebImageSwiftUI in Frameworks */,
				95F339CE2BA2204A00A56E29 /* SDWebImageMapKit in Frameworks */,
				95F339CC2BA2204A00A56E29 /* SDWebImage in Frameworks */,
			);
			runOnlyForDeploymentPostprocessing = 0;
		};
/* End PBXFrameworksBuildPhase section */

/* Begin PBXGroup section */
		953F38332BC46AD20085C980 /* Protocols */ = {
			isa = PBXGroup;
			children = (
				953F38342BC46ADF0085C980 /* Heaping.swift */,
			);
			path = Protocols;
			sourceTree = "<group>";
		};
		953F38362BC46B290085C980 /* Helpers */ = {
			isa = PBXGroup;
			children = (
				953F38372BC46B320085C980 /* HeapHelpers.swift */,
			);
			path = Helpers;
			sourceTree = "<group>";
		};
		95481E832BBF15F900AA09EC /* SpeakTests */ = {
			isa = PBXGroup;
			children = (
				95C21C7B2BC5D9D400E17130 /* Heaps */,
				95C21C782BC5D9B500E17130 /* Sorts */,
			);
			path = SpeakTests;
			sourceTree = "<group>";
		};
		954903412BABB02D00A76F78 /* NetworkingKit */ = {
			isa = PBXGroup;
			children = (
				954903422BABB03D00A76F78 /* GenericNetworker.swift */,
				954903442BABB1A800A76F78 /* Networking Error.swift */,
			);
			path = NetworkingKit;
			sourceTree = "<group>";
		};
		954903482BABB2D900A76F78 /* CompoundInterviewKit */ = {
			isa = PBXGroup;
			children = (
				954903562BAC945A00A76F78 /* Old */,
				9549034F2BAC927600A76F78 /* Tokens */,
			);
			path = CompoundInterviewKit;
			sourceTree = "<group>";
		};
		9549034F2BAC927600A76F78 /* Tokens */ = {
			isa = PBXGroup;
			children = (
				954903552BAC945100A76F78 /* View */,
				954903502BAC92EF00A76F78 /* Model */,
			);
			path = Tokens;
			sourceTree = "<group>";
		};
		954903502BAC92EF00A76F78 /* Model */ = {
			isa = PBXGroup;
			children = (
				954903512BAC92F600A76F78 /* Tokens.swift */,
				954903532BAC935A00A76F78 /* TokensViewModel.swift */,
			);
			path = Model;
			sourceTree = "<group>";
		};
		954903552BAC945100A76F78 /* View */ = {
			isa = PBXGroup;
			children = (
				9549034D2BAC927300A76F78 /* TokensView.swift */,
			);
			path = View;
			sourceTree = "<group>";
		};
		954903562BAC945A00A76F78 /* Old */ = {
			isa = PBXGroup;
			children = (
				954903462BABB29B00A76F78 /* FirstCompoundView.swift */,
				954903492BABB30E00A76F78 /* FirstCompoundViewModel.swift */,
				9549034B2BABB40A00A76F78 /* CatFacts.swift */,
			);
			path = Old;
			sourceTree = "<group>";
		};
		954903572BAC953000A76F78 /* CompoundComponentsKit */ = {
			isa = PBXGroup;
			children = (
				954903582BAC953D00A76F78 /* Tokens */,
			);
			path = CompoundComponentsKit;
			sourceTree = "<group>";
		};
		954903582BAC953D00A76F78 /* Tokens */ = {
			isa = PBXGroup;
			children = (
				954903592BAC954C00A76F78 /* TokensCardView.swift */,
				9549035B2BAC964A00A76F78 /* TokenView.swift */,
			);
			path = Tokens;
			sourceTree = "<group>";
		};
		9553C8102BA0F1D300D4D10E = {
			isa = PBXGroup;
			children = (
				9553C81B2BA0F1D300D4D10E /* Speak */,
				95481E832BBF15F900AA09EC /* SpeakTests */,
				9553C81A2BA0F1D300D4D10E /* Products */,
			);
			sourceTree = "<group>";
		};
		9553C81A2BA0F1D300D4D10E /* Products */ = {
			isa = PBXGroup;
			children = (
				9553C8192BA0F1D300D4D10E /* Speak.app */,
				95481E822BBF15F900AA09EC /* SpeakTests.xctest */,
			);
			name = Products;
			sourceTree = "<group>";
		};
		9553C81B2BA0F1D300D4D10E /* Speak */ = {
			isa = PBXGroup;
			children = (
				9553C8202BA0F1D400D4D10E /* Assets.xcassets */,
				95F339D22BA24D5D00A56E29 /* course.json */,
				9541A85B2BA3C4B400C29F80 /* asr-stream-audio-chunks.json */,
				9553C81C2BA0F1D300D4D10E /* SpeakApp.swift */,
				9553C8222BA0F1D400D4D10E /* Speak.entitlements */,
				9553C82B2BA0F2DE00D4D10E /* Libraries */,
				9553C8232BA0F1D400D4D10E /* Preview Content */,
			);
			path = Speak;
			sourceTree = "<group>";
		};
		9553C8232BA0F1D400D4D10E /* Preview Content */ = {
			isa = PBXGroup;
			children = (
				9553C8242BA0F1D400D4D10E /* Preview Assets.xcassets */,
			);
			path = "Preview Content";
			sourceTree = "<group>";
		};
		9553C82B2BA0F2DE00D4D10E /* Libraries */ = {
			isa = PBXGroup;
			children = (
				95E5D7AE2BBE081700B374F0 /* DataStructures */,
				95E037342BBDE2E4005F4BE9 /* DogsGrid */,
				954903572BAC953000A76F78 /* CompoundComponentsKit */,
				954903482BABB2D900A76F78 /* CompoundInterviewKit */,
				954903412BABB02D00A76F78 /* NetworkingKit */,
				95F339D42BA24D7200A56E29 /* DataRetrievalKit */,
			);
			path = Libraries;
			sourceTree = "<group>";
		};
		95C21C742BC5D36400E17130 /* Sorts */ = {
			isa = PBXGroup;
			children = (
				95C21C752BC5D36D00E17130 /* Radix */,
			);
			path = Sorts;
			sourceTree = "<group>";
		};
		95C21C752BC5D36D00E17130 /* Radix */ = {
			isa = PBXGroup;
			children = (
				95C21C762BC5D37A00E17130 /* RadixSorter.swift */,
			);
			path = Radix;
			sourceTree = "<group>";
		};
		95C21C782BC5D9B500E17130 /* Sorts */ = {
			isa = PBXGroup;
			children = (
				95C21C792BC5D9CF00E17130 /* RadixSortTests.swift */,
			);
			path = Sorts;
			sourceTree = "<group>";
		};
		95C21C7B2BC5D9D400E17130 /* Heaps */ = {
			isa = PBXGroup;
			children = (
				95481E8B2BBF160800AA09EC /* HeapTests.swift */,
			);
			path = Heaps;
			sourceTree = "<group>";
		};
		95E037342BBDE2E4005F4BE9 /* DogsGrid */ = {
			isa = PBXGroup;
			children = (
				95E037372BBDE2F4005F4BE9 /* Model */,
				95E037352BBDE2F2005F4BE9 /* DogsGridView.swift */,
			);
			path = DogsGrid;
			sourceTree = "<group>";
		};
		95E037372BBDE2F4005F4BE9 /* Model */ = {
			isa = PBXGroup;
			children = (
				95E0373B2BBDE354005F4BE9 /* ViewModel */,
				95E037382BBDE307005F4BE9 /* WebModels */,
			);
			path = Model;
			sourceTree = "<group>";
		};
		95E037382BBDE307005F4BE9 /* WebModels */ = {
			isa = PBXGroup;
			children = (
				95E037392BBDE313005F4BE9 /* Dogs.swift */,
			);
			path = WebModels;
			sourceTree = "<group>";
		};
		95E0373B2BBDE354005F4BE9 /* ViewModel */ = {
			isa = PBXGroup;
			children = (
				95E0373C2BBDE360005F4BE9 /* DogsGridViewModel.swift */,
			);
			path = ViewModel;
			sourceTree = "<group>";
		};
		95E5D7AE2BBE081700B374F0 /* DataStructures */ = {
			isa = PBXGroup;
			children = (
				95C21C742BC5D36400E17130 /* Sorts */,
				95E5D7AF2BBE082200B374F0 /* Heap */,
			);
			path = DataStructures;
			sourceTree = "<group>";
		};
		95E5D7AF2BBE082200B374F0 /* Heap */ = {
			isa = PBXGroup;
			children = (
				953F38392BC46B460085C980 /* BaseHeap.swift */,
				95E5D7B32BBE179900B374F0 /* Heaps.swift */,
				953F38362BC46B290085C980 /* Helpers */,
				953F38332BC46AD20085C980 /* Protocols */,
				95E5D7B02BBE082800B374F0 /* ChatGPTHeap */,
			);
			path = Heap;
			sourceTree = "<group>";
		};
		95E5D7B02BBE082800B374F0 /* ChatGPTHeap */ = {
			isa = PBXGroup;
			children = (
				95E5D7B12BBE083800B374F0 /* ChatGPTHeap.swift */,
			);
			path = ChatGPTHeap;
			sourceTree = "<group>";
		};
		95F339D42BA24D7200A56E29 /* DataRetrievalKit */ = {
			isa = PBXGroup;
			children = (
				95F339D52BA24E2800A56E29 /* LocalJsonRetriever.swift */,
			);
			path = DataRetrievalKit;
			sourceTree = "<group>";
		};
/* End PBXGroup section */

/* Begin PBXNativeTarget section */
		95481E812BBF15F900AA09EC /* SpeakTests */ = {
			isa = PBXNativeTarget;
			buildConfigurationList = 95481E8A2BBF15F900AA09EC /* Build configuration list for PBXNativeTarget "SpeakTests" */;
			buildPhases = (
				95481E7E2BBF15F900AA09EC /* Sources */,
				95481E7F2BBF15F900AA09EC /* Frameworks */,
				95481E802BBF15F900AA09EC /* Resources */,
			);
			buildRules = (
			);
			dependencies = (
				95481E872BBF15F900AA09EC /* PBXTargetDependency */,
			);
			name = SpeakTests;
			productName = SpeakTests;
			productReference = 95481E822BBF15F900AA09EC /* SpeakTests.xctest */;
			productType = "com.apple.product-type.bundle.unit-test";
		};
		9553C8182BA0F1D300D4D10E /* Speak */ = {
			isa = PBXNativeTarget;
			buildConfigurationList = 9553C8282BA0F1D400D4D10E /* Build configuration list for PBXNativeTarget "Speak" */;
			buildPhases = (
				9553C8152BA0F1D300D4D10E /* Sources */,
				9553C8162BA0F1D300D4D10E /* Frameworks */,
				9553C8172BA0F1D300D4D10E /* Resources */,
			);
			buildRules = (
			);
			dependencies = (
			);
			name = Speak;
			packageProductDependencies = (
				95F339CB2BA2204A00A56E29 /* SDWebImage */,
				95F339CD2BA2204A00A56E29 /* SDWebImageMapKit */,
				9549035E2BAC9B4100A76F78 /* SDWebImageSwiftUI */,
			);
			productName = Speak;
			productReference = 9553C8192BA0F1D300D4D10E /* Speak.app */;
			productType = "com.apple.product-type.application";
		};
/* End PBXNativeTarget section */

/* Begin PBXProject section */
		9553C8112BA0F1D300D4D10E /* Project object */ = {
			isa = PBXProject;
			attributes = {
				BuildIndependentTargetsInParallel = 1;
				LastSwiftUpdateCheck = 1530;
				LastUpgradeCheck = 1530;
				TargetAttributes = {
					95481E812BBF15F900AA09EC = {
						CreatedOnToolsVersion = 15.3;
						TestTargetID = 9553C8182BA0F1D300D4D10E;
					};
					9553C8182BA0F1D300D4D10E = {
						CreatedOnToolsVersion = 15.3;
					};
				};
			};
			buildConfigurationList = 9553C8142BA0F1D300D4D10E /* Build configuration list for PBXProject "Speak" */;
			compatibilityVersion = "Xcode 14.0";
			developmentRegion = en;
			hasScannedForEncodings = 0;
			knownRegions = (
				en,
				Base,
			);
			mainGroup = 9553C8102BA0F1D300D4D10E;
			packageReferences = (
				95F339CA2BA2204A00A56E29 /* XCRemoteSwiftPackageReference "SDWebImage" */,
				9549035D2BAC9B4100A76F78 /* XCRemoteSwiftPackageReference "SDWebImageSwiftUI" */,
			);
			productRefGroup = 9553C81A2BA0F1D300D4D10E /* Products */;
			projectDirPath = "";
			projectRoot = "";
			targets = (
				9553C8182BA0F1D300D4D10E /* Speak */,
				95481E812BBF15F900AA09EC /* SpeakTests */,
			);
		};
/* End PBXProject section */

/* Begin PBXResourcesBuildPhase section */
		95481E802BBF15F900AA09EC /* Resources */ = {
			isa = PBXResourcesBuildPhase;
			buildActionMask = 2147483647;
			files = (
			);
			runOnlyForDeploymentPostprocessing = 0;
		};
		9553C8172BA0F1D300D4D10E /* Resources */ = {
			isa = PBXResourcesBuildPhase;
			buildActionMask = 2147483647;
			files = (
				9553C8252BA0F1D400D4D10E /* Preview Assets.xcassets in Resources */,
				9553C8212BA0F1D400D4D10E /* Assets.xcassets in Resources */,
				95F339D32BA24D5D00A56E29 /* course.json in Resources */,
				9541A85C2BA3C4B400C29F80 /* asr-stream-audio-chunks.json in Resources */,
			);
			runOnlyForDeploymentPostprocessing = 0;
		};
/* End PBXResourcesBuildPhase section */

/* Begin PBXSourcesBuildPhase section */
		95481E7E2BBF15F900AA09EC /* Sources */ = {
			isa = PBXSourcesBuildPhase;
			buildActionMask = 2147483647;
			files = (
				95C21C7A2BC5D9CF00E17130 /* RadixSortTests.swift in Sources */,
				95481E8C2BBF160800AA09EC /* HeapTests.swift in Sources */,
			);
			runOnlyForDeploymentPostprocessing = 0;
		};
		9553C8152BA0F1D300D4D10E /* Sources */ = {
			isa = PBXSourcesBuildPhase;
			buildActionMask = 2147483647;
			files = (
				95E0373A2BBDE313005F4BE9 /* Dogs.swift in Sources */,
				9549035A2BAC954C00A76F78 /* TokensCardView.swift in Sources */,
				9549034C2BABB40A00A76F78 /* CatFacts.swift in Sources */,
				9549035C2BAC964A00A76F78 /* TokenView.swift in Sources */,
				95F339D62BA24E2800A56E29 /* LocalJsonRetriever.swift in Sources */,
				95E5D7B22BBE083800B374F0 /* ChatGPTHeap.swift in Sources */,
				953F383A2BC46B460085C980 /* BaseHeap.swift in Sources */,
				95E0373D2BBDE360005F4BE9 /* DogsGridViewModel.swift in Sources */,
				9549034A2BABB30E00A76F78 /* FirstCompoundViewModel.swift in Sources */,
				954903472BABB29B00A76F78 /* FirstCompoundView.swift in Sources */,
				953F38382BC46B320085C980 /* HeapHelpers.swift in Sources */,
				9553C81D2BA0F1D300D4D10E /* SpeakApp.swift in Sources */,
				953F38352BC46ADF0085C980 /* Heaping.swift in Sources */,
				95C21C772BC5D37A00E17130 /* RadixSorter.swift in Sources */,
				954903542BAC935A00A76F78 /* TokensViewModel.swift in Sources */,
				954903432BABB03D00A76F78 /* GenericNetworker.swift in Sources */,
				95E5D7B42BBE179900B374F0 /* Heaps.swift in Sources */,
				954903452BABB1A800A76F78 /* Networking Error.swift in Sources */,
				95E037362BBDE2F2005F4BE9 /* DogsGridView.swift in Sources */,
				9549034E2BAC927300A76F78 /* TokensView.swift in Sources */,
				954903522BAC92F600A76F78 /* Tokens.swift in Sources */,
			);
			runOnlyForDeploymentPostprocessing = 0;
		};
/* End PBXSourcesBuildPhase section */

/* Begin PBXTargetDependency section */
		95481E872BBF15F900AA09EC /* PBXTargetDependency */ = {
			isa = PBXTargetDependency;
			target = 9553C8182BA0F1D300D4D10E /* Speak */;
			targetProxy = 95481E862BBF15F900AA09EC /* PBXContainerItemProxy */;
		};
/* End PBXTargetDependency section */

/* Begin XCBuildConfiguration section */
		95481E882BBF15F900AA09EC /* Debug */ = {
			isa = XCBuildConfiguration;
			buildSettings = {
				BUNDLE_LOADER = "$(TEST_HOST)";
				CODE_SIGN_STYLE = Automatic;
				CURRENT_PROJECT_VERSION = 1;
				DEVELOPMENT_TEAM = JP5XH4BVVG;
				GENERATE_INFOPLIST_FILE = YES;
				IPHONEOS_DEPLOYMENT_TARGET = 17.4;
				MARKETING_VERSION = 1.0;
				PRODUCT_BUNDLE_IDENTIFIER = speakrickyv.SpeakTests;
				PRODUCT_NAME = "$(TARGET_NAME)";
				SDKROOT = iphoneos;
				SWIFT_EMIT_LOC_STRINGS = NO;
				SWIFT_VERSION = 5.0;
				TARGETED_DEVICE_FAMILY = "1,2";
				TEST_HOST = "$(BUILT_PRODUCTS_DIR)/Speak.app/$(BUNDLE_EXECUTABLE_FOLDER_PATH)/Speak";
			};
			name = Debug;
		};
		95481E892BBF15F900AA09EC /* Release */ = {
			isa = XCBuildConfiguration;
			buildSettings = {
				BUNDLE_LOADER = "$(TEST_HOST)";
				CODE_SIGN_STYLE = Automatic;
				CURRENT_PROJECT_VERSION = 1;
				DEVELOPMENT_TEAM = JP5XH4BVVG;
				GENERATE_INFOPLIST_FILE = YES;
				IPHONEOS_DEPLOYMENT_TARGET = 17.4;
				MARKETING_VERSION = 1.0;
				PRODUCT_BUNDLE_IDENTIFIER = speakrickyv.SpeakTests;
				PRODUCT_NAME = "$(TARGET_NAME)";
				SDKROOT = iphoneos;
				SWIFT_EMIT_LOC_STRINGS = NO;
				SWIFT_VERSION = 5.0;
				TARGETED_DEVICE_FAMILY = "1,2";
				TEST_HOST = "$(BUILT_PRODUCTS_DIR)/Speak.app/$(BUNDLE_EXECUTABLE_FOLDER_PATH)/Speak";
				VALIDATE_PRODUCT = YES;
			};
			name = Release;
		};
		9553C8262BA0F1D400D4D10E /* Debug */ = {
			isa = XCBuildConfiguration;
			buildSettings = {
				ALWAYS_SEARCH_USER_PATHS = NO;
				ASSETCATALOG_COMPILER_GENERATE_SWIFT_ASSET_SYMBOL_EXTENSIONS = YES;
				CLANG_ANALYZER_NONNULL = YES;
				CLANG_ANALYZER_NUMBER_OBJECT_CONVERSION = YES_AGGRESSIVE;
				CLANG_CXX_LANGUAGE_STANDARD = "gnu++20";
				CLANG_ENABLE_MODULES = YES;
				CLANG_ENABLE_OBJC_ARC = YES;
				CLANG_ENABLE_OBJC_WEAK = YES;
				CLANG_WARN_BLOCK_CAPTURE_AUTORELEASING = YES;
				CLANG_WARN_BOOL_CONVERSION = YES;
				CLANG_WARN_COMMA = YES;
				CLANG_WARN_CONSTANT_CONVERSION = YES;
				CLANG_WARN_DEPRECATED_OBJC_IMPLEMENTATIONS = YES;
				CLANG_WARN_DIRECT_OBJC_ISA_USAGE = YES_ERROR;
				CLANG_WARN_DOCUMENTATION_COMMENTS = YES;
				CLANG_WARN_EMPTY_BODY = YES;
				CLANG_WARN_ENUM_CONVERSION = YES;
				CLANG_WARN_INFINITE_RECURSION = YES;
				CLANG_WARN_INT_CONVERSION = YES;
				CLANG_WARN_NON_LITERAL_NULL_CONVERSION = YES;
				CLANG_WARN_OBJC_IMPLICIT_RETAIN_SELF = YES;
				CLANG_WARN_OBJC_LITERAL_CONVERSION = YES;
				CLANG_WARN_OBJC_ROOT_CLASS = YES_ERROR;
				CLANG_WARN_QUOTED_INCLUDE_IN_FRAMEWORK_HEADER = YES;
				CLANG_WARN_RANGE_LOOP_ANALYSIS = YES;
				CLANG_WARN_STRICT_PROTOTYPES = YES;
				CLANG_WARN_SUSPICIOUS_MOVE = YES;
				CLANG_WARN_UNGUARDED_AVAILABILITY = YES_AGGRESSIVE;
				CLANG_WARN_UNREACHABLE_CODE = YES;
				CLANG_WARN__DUPLICATE_METHOD_MATCH = YES;
				COPY_PHASE_STRIP = NO;
				DEBUG_INFORMATION_FORMAT = dwarf;
				ENABLE_STRICT_OBJC_MSGSEND = YES;
				ENABLE_TESTABILITY = YES;
				ENABLE_USER_SCRIPT_SANDBOXING = YES;
				GCC_C_LANGUAGE_STANDARD = gnu17;
				GCC_DYNAMIC_NO_PIC = NO;
				GCC_NO_COMMON_BLOCKS = YES;
				GCC_OPTIMIZATION_LEVEL = 0;
				GCC_PREPROCESSOR_DEFINITIONS = (
					"DEBUG=1",
					"$(inherited)",
				);
				GCC_WARN_64_TO_32_BIT_CONVERSION = YES;
				GCC_WARN_ABOUT_RETURN_TYPE = YES_ERROR;
				GCC_WARN_UNDECLARED_SELECTOR = YES;
				GCC_WARN_UNINITIALIZED_AUTOS = YES_AGGRESSIVE;
				GCC_WARN_UNUSED_FUNCTION = YES;
				GCC_WARN_UNUSED_VARIABLE = YES;
				LOCALIZATION_PREFERS_STRING_CATALOGS = YES;
				MTL_ENABLE_DEBUG_INFO = INCLUDE_SOURCE;
				MTL_FAST_MATH = YES;
				ONLY_ACTIVE_ARCH = YES;
				SWIFT_ACTIVE_COMPILATION_CONDITIONS = "DEBUG $(inherited)";
				SWIFT_OPTIMIZATION_LEVEL = "-Onone";
			};
			name = Debug;
		};
		9553C8272BA0F1D400D4D10E /* Release */ = {
			isa = XCBuildConfiguration;
			buildSettings = {
				ALWAYS_SEARCH_USER_PATHS = NO;
				ASSETCATALOG_COMPILER_GENERATE_SWIFT_ASSET_SYMBOL_EXTENSIONS = YES;
				CLANG_ANALYZER_NONNULL = YES;
				CLANG_ANALYZER_NUMBER_OBJECT_CONVERSION = YES_AGGRESSIVE;
				CLANG_CXX_LANGUAGE_STANDARD = "gnu++20";
				CLANG_ENABLE_MODULES = YES;
				CLANG_ENABLE_OBJC_ARC = YES;
				CLANG_ENABLE_OBJC_WEAK = YES;
				CLANG_WARN_BLOCK_CAPTURE_AUTORELEASING = YES;
				CLANG_WARN_BOOL_CONVERSION = YES;
				CLANG_WARN_COMMA = YES;
				CLANG_WARN_CONSTANT_CONVERSION = YES;
				CLANG_WARN_DEPRECATED_OBJC_IMPLEMENTATIONS = YES;
				CLANG_WARN_DIRECT_OBJC_ISA_USAGE = YES_ERROR;
				CLANG_WARN_DOCUMENTATION_COMMENTS = YES;
				CLANG_WARN_EMPTY_BODY = YES;
				CLANG_WARN_ENUM_CONVERSION = YES;
				CLANG_WARN_INFINITE_RECURSION = YES;
				CLANG_WARN_INT_CONVERSION = YES;
				CLANG_WARN_NON_LITERAL_NULL_CONVERSION = YES;
				CLANG_WARN_OBJC_IMPLICIT_RETAIN_SELF = YES;
				CLANG_WARN_OBJC_LITERAL_CONVERSION = YES;
				CLANG_WARN_OBJC_ROOT_CLASS = YES_ERROR;
				CLANG_WARN_QUOTED_INCLUDE_IN_FRAMEWORK_HEADER = YES;
				CLANG_WARN_RANGE_LOOP_ANALYSIS = YES;
				CLANG_WARN_STRICT_PROTOTYPES = YES;
				CLANG_WARN_SUSPICIOUS_MOVE = YES;
				CLANG_WARN_UNGUARDED_AVAILABILITY = YES_AGGRESSIVE;
				CLANG_WARN_UNREACHABLE_CODE = YES;
				CLANG_WARN__DUPLICATE_METHOD_MATCH = YES;
				COPY_PHASE_STRIP = NO;
				DEBUG_INFORMATION_FORMAT = "dwarf-with-dsym";
				ENABLE_NS_ASSERTIONS = NO;
				ENABLE_STRICT_OBJC_MSGSEND = YES;
				ENABLE_USER_SCRIPT_SANDBOXING = YES;
				GCC_C_LANGUAGE_STANDARD = gnu17;
				GCC_NO_COMMON_BLOCKS = YES;
				GCC_WARN_64_TO_32_BIT_CONVERSION = YES;
				GCC_WARN_ABOUT_RETURN_TYPE = YES_ERROR;
				GCC_WARN_UNDECLARED_SELECTOR = YES;
				GCC_WARN_UNINITIALIZED_AUTOS = YES_AGGRESSIVE;
				GCC_WARN_UNUSED_FUNCTION = YES;
				GCC_WARN_UNUSED_VARIABLE = YES;
				LOCALIZATION_PREFERS_STRING_CATALOGS = YES;
				MTL_ENABLE_DEBUG_INFO = NO;
				MTL_FAST_MATH = YES;
				SWIFT_COMPILATION_MODE = wholemodule;
			};
			name = Release;
		};
		9553C8292BA0F1D400D4D10E /* Debug */ = {
			isa = XCBuildConfiguration;
			buildSettings = {
				ASSETCATALOG_COMPILER_APPICON_NAME = AppIcon;
				ASSETCATALOG_COMPILER_GLOBAL_ACCENT_COLOR_NAME = AccentColor;
				CODE_SIGN_ENTITLEMENTS = Speak/Speak.entitlements;
				CODE_SIGN_STYLE = Automatic;
				CURRENT_PROJECT_VERSION = 1;
				DEVELOPMENT_ASSET_PATHS = "\"Speak/Preview Content\"";
				DEVELOPMENT_TEAM = JP5XH4BVVG;
				ENABLE_HARDENED_RUNTIME = YES;
				ENABLE_PREVIEWS = YES;
				GENERATE_INFOPLIST_FILE = YES;
				"INFOPLIST_KEY_UIApplicationSceneManifest_Generation[sdk=iphoneos*]" = YES;
				"INFOPLIST_KEY_UIApplicationSceneManifest_Generation[sdk=iphonesimulator*]" = YES;
				"INFOPLIST_KEY_UIApplicationSupportsIndirectInputEvents[sdk=iphoneos*]" = YES;
				"INFOPLIST_KEY_UIApplicationSupportsIndirectInputEvents[sdk=iphonesimulator*]" = YES;
				"INFOPLIST_KEY_UILaunchScreen_Generation[sdk=iphoneos*]" = YES;
				"INFOPLIST_KEY_UILaunchScreen_Generation[sdk=iphonesimulator*]" = YES;
				"INFOPLIST_KEY_UIStatusBarStyle[sdk=iphoneos*]" = UIStatusBarStyleDefault;
				"INFOPLIST_KEY_UIStatusBarStyle[sdk=iphonesimulator*]" = UIStatusBarStyleDefault;
				INFOPLIST_KEY_UISupportedInterfaceOrientations_iPad = "UIInterfaceOrientationPortrait UIInterfaceOrientationPortraitUpsideDown UIInterfaceOrientationLandscapeLeft UIInterfaceOrientationLandscapeRight";
				INFOPLIST_KEY_UISupportedInterfaceOrientations_iPhone = "UIInterfaceOrientationPortrait UIInterfaceOrientationLandscapeLeft UIInterfaceOrientationLandscapeRight";
				IPHONEOS_DEPLOYMENT_TARGET = 17.4;
				LD_RUNPATH_SEARCH_PATHS = "@executable_path/Frameworks";
				"LD_RUNPATH_SEARCH_PATHS[sdk=macosx*]" = "@executable_path/../Frameworks";
				MACOSX_DEPLOYMENT_TARGET = 14.3;
				MARKETING_VERSION = 1.0;
				PRODUCT_BUNDLE_IDENTIFIER = speakrickyv.Speak;
				PRODUCT_NAME = "$(TARGET_NAME)";
				SDKROOT = auto;
				SUPPORTED_PLATFORMS = "iphoneos iphonesimulator macosx";
				SWIFT_EMIT_LOC_STRINGS = YES;
				SWIFT_VERSION = 5.0;
				TARGETED_DEVICE_FAMILY = "1,2";
			};
			name = Debug;
		};
		9553C82A2BA0F1D400D4D10E /* Release */ = {
			isa = XCBuildConfiguration;
			buildSettings = {
				ASSETCATALOG_COMPILER_APPICON_NAME = AppIcon;
				ASSETCATALOG_COMPILER_GLOBAL_ACCENT_COLOR_NAME = AccentColor;
				CODE_SIGN_ENTITLEMENTS = Speak/Speak.entitlements;
				CODE_SIGN_STYLE = Automatic;
				CURRENT_PROJECT_VERSION = 1;
				DEVELOPMENT_ASSET_PATHS = "\"Speak/Preview Content\"";
				DEVELOPMENT_TEAM = JP5XH4BVVG;
				ENABLE_HARDENED_RUNTIME = YES;
				ENABLE_PREVIEWS = YES;
				GENERATE_INFOPLIST_FILE = YES;
				"INFOPLIST_KEY_UIApplicationSceneManifest_Generation[sdk=iphoneos*]" = YES;
				"INFOPLIST_KEY_UIApplicationSceneManifest_Generation[sdk=iphonesimulator*]" = YES;
				"INFOPLIST_KEY_UIApplicationSupportsIndirectInputEvents[sdk=iphoneos*]" = YES;
				"INFOPLIST_KEY_UIApplicationSupportsIndirectInputEvents[sdk=iphonesimulator*]" = YES;
				"INFOPLIST_KEY_UILaunchScreen_Generation[sdk=iphoneos*]" = YES;
				"INFOPLIST_KEY_UILaunchScreen_Generation[sdk=iphonesimulator*]" = YES;
				"INFOPLIST_KEY_UIStatusBarStyle[sdk=iphoneos*]" = UIStatusBarStyleDefault;
				"INFOPLIST_KEY_UIStatusBarStyle[sdk=iphonesimulator*]" = UIStatusBarStyleDefault;
				INFOPLIST_KEY_UISupportedInterfaceOrientations_iPad = "UIInterfaceOrientationPortrait UIInterfaceOrientationPortraitUpsideDown UIInterfaceOrientationLandscapeLeft UIInterfaceOrientationLandscapeRight";
				INFOPLIST_KEY_UISupportedInterfaceOrientations_iPhone = "UIInterfaceOrientationPortrait UIInterfaceOrientationLandscapeLeft UIInterfaceOrientationLandscapeRight";
				IPHONEOS_DEPLOYMENT_TARGET = 17.4;
				LD_RUNPATH_SEARCH_PATHS = "@executable_path/Frameworks";
				"LD_RUNPATH_SEARCH_PATHS[sdk=macosx*]" = "@executable_path/../Frameworks";
				MACOSX_DEPLOYMENT_TARGET = 14.3;
				MARKETING_VERSION = 1.0;
				PRODUCT_BUNDLE_IDENTIFIER = speakrickyv.Speak;
				PRODUCT_NAME = "$(TARGET_NAME)";
				SDKROOT = auto;
				SUPPORTED_PLATFORMS = "iphoneos iphonesimulator macosx";
				SWIFT_EMIT_LOC_STRINGS = YES;
				SWIFT_VERSION = 5.0;
				TARGETED_DEVICE_FAMILY = "1,2";
			};
			name = Release;
		};
/* End XCBuildConfiguration section */

/* Begin XCConfigurationList section */
		95481E8A2BBF15F900AA09EC /* Build configuration list for PBXNativeTarget "SpeakTests" */ = {
			isa = XCConfigurationList;
			buildConfigurations = (
				95481E882BBF15F900AA09EC /* Debug */,
				95481E892BBF15F900AA09EC /* Release */,
			);
			defaultConfigurationIsVisible = 0;
			defaultConfigurationName = Release;
		};
		9553C8142BA0F1D300D4D10E /* Build configuration list for PBXProject "Speak" */ = {
			isa = XCConfigurationList;
			buildConfigurations = (
				9553C8262BA0F1D400D4D10E /* Debug */,
				9553C8272BA0F1D400D4D10E /* Release */,
			);
			defaultConfigurationIsVisible = 0;
			defaultConfigurationName = Release;
		};
		9553C8282BA0F1D400D4D10E /* Build configuration list for PBXNativeTarget "Speak" */ = {
			isa = XCConfigurationList;
			buildConfigurations = (
				9553C8292BA0F1D400D4D10E /* Debug */,
				9553C82A2BA0F1D400D4D10E /* Release */,
			);
			defaultConfigurationIsVisible = 0;
			defaultConfigurationName = Release;
		};
/* End XCConfigurationList section */

/* Begin XCRemoteSwiftPackageReference section */
		9549035D2BAC9B4100A76F78 /* XCRemoteSwiftPackageReference "SDWebImageSwiftUI" */ = {
			isa = XCRemoteSwiftPackageReference;
			repositoryURL = "https://github.com/SDWebImage/SDWebImageSwiftUI";
			requirement = {
				kind = upToNextMajorVersion;
				minimumVersion = 3.0.1;
			};
		};
		95F339CA2BA2204A00A56E29 /* XCRemoteSwiftPackageReference "SDWebImage" */ = {
			isa = XCRemoteSwiftPackageReference;
			repositoryURL = "https://github.com/SDWebImage/SDWebImage";
			requirement = {
				kind = upToNextMajorVersion;
				minimumVersion = 5.19.0;
			};
		};
/* End XCRemoteSwiftPackageReference section */

/* Begin XCSwiftPackageProductDependency section */
		9549035E2BAC9B4100A76F78 /* SDWebImageSwiftUI */ = {
			isa = XCSwiftPackageProductDependency;
			package = 9549035D2BAC9B4100A76F78 /* XCRemoteSwiftPackageReference "SDWebImageSwiftUI" */;
			productName = SDWebImageSwiftUI;
		};
		95F339CB2BA2204A00A56E29 /* SDWebImage */ = {
			isa = XCSwiftPackageProductDependency;
			package = 95F339CA2BA2204A00A56E29 /* XCRemoteSwiftPackageReference "SDWebImage" */;
			productName = SDWebImage;
		};
		95F339CD2BA2204A00A56E29 /* SDWebImageMapKit */ = {
			isa = XCSwiftPackageProductDependency;
			package = 95F339CA2BA2204A00A56E29 /* XCRemoteSwiftPackageReference "SDWebImage" */;
			productName = SDWebImageMapKit;
		};
/* End XCSwiftPackageProductDependency section */
	};
	rootObject = 9553C8112BA0F1D300D4D10E /* Project object */;
}
